
Microsoft Visual Studio Solution File, Format Version 12.00
# Visual Studio Version 17
VisualStudioVersion = 17.6.33723.286
MinimumVisualStudioVersion = 10.0.40219.1
Project("{FAE04EC0-301F-11D3-BF4B-00C04F79EFBC}") = "AppMedicine.Android", "AppMedicine.Android\AppMedicine.Android.csproj", "{56AB8AA8-7ED6-418A-82F8-018CE4236892}"
EndProject
Project("{FAE04EC0-301F-11D3-BF4B-00C04F79EFBC}") = "AppMedicine", "AppMedicine\AppMedicine.csproj", "{C6FD662F-BC08-433B-BAD4-97AC54193CBD}"
EndProject
Global
	GlobalSection(SolutionConfigurationPlatforms) = preSolution
		Debug|Any CPU = Debug|Any CPU
		Release|Any CPU = Release|Any CPU
	EndGlobalSection
	GlobalSection(ProjectConfigurationPlatforms) = postSolution
		{56AB8AA8-7ED6-418A-82F8-018CE4236892}.Debug|Any CPU.ActiveCfg = Debug|Any CPU
		{56AB8AA8-7ED6-418A-82F8-018CE4236892}.Debug|Any CPU.Build.0 = Debug|Any CPU
		{56AB8AA8-7ED6-418A-82F8-018CE4236892}.Debug|Any CPU.Deploy.0 = Debug|Any CPU
		{56AB8AA8-7ED6-418A-82F8-018CE4236892}.Release|Any CPU.ActiveCfg = Release|Any CPU
		{56AB8AA8-7ED6-418A-82F8-018CE4236892}.Release|Any CPU.Build.0 = Release|Any CPU
		{56AB8AA8-7ED6-418A-82F8-018CE4236892}.Release|Any CPU.Deploy.0 = Release|Any CPU
		{C6FD662F-BC08-433B-BAD4-97AC54193CBD}.Debug|Any CPU.ActiveCfg = Debug|Any CPU
		{C6FD662F-BC08-433B-BAD4-97AC54193CBD}.Debug|Any CPU.Build.0 = Debug|Any CPU
		{C6FD662F-BC08-433B-BAD4-97AC54193CBD}.Debug|Any CPU.Deploy.0 = Debug|Any CPU
		{C6FD662F-BC08-433B-BAD4-97AC54193CBD}.Release|Any CPU.ActiveCfg = Release|Any CPU
		{C6FD662F-BC08-433B-BAD4-97AC54193CBD}.Release|Any CPU.Build.0 = Release|Any CPU
		{C6FD662F-BC08-433B-BAD4-97AC54193CBD}.Release|Any CPU.Deploy.0 = Release|Any CPU
	EndGlobalSection
	GlobalSection(SolutionProperties) = preSolution
		HideSolutionNode = FALSE
	EndGlobalSection
	GlobalSection(ExtensibilityGlobals) = postSolution
		SolutionGuid = {DED5FEE3-147A-4A29-BA49-C62681C83760}
	EndGlobalSection
EndGlobal
